version = 1
revision = 3
requires-python = ">=3.14"

[[package]]
name = "asgiref"
version = "3.12.1"
source = { registry = "https://pypi.org/simple" }
sdist = { url = "https://files.pythonhosted.org/packages/e6/26/3b59f2bdae5f640389becb1f673cded775287f5fc4f816309d9ca9a3f93d/asgiref-3.12.1.tar.gz", hash = "sha256:59dcb51c272ad209d59bed5708a64a333083e86017d7fcdd67498eeab7784340", size = 42378, upload-time = "2026-07-14T09:56:18.087Z" }
wheels = [
    { url = "https://files.pythonhosted.org/packages/c0/1b/54f4ad77cd8a584fa70746c47df988e002cf1ee1eba43364d46f87803647/asgiref-3.12.1-py3-none-any.whl", hash = "sha256:fe386d1c2bff7259ea95929266d12a8cf9a8b5a1c2598402967d8792e7a7c094", size = 25478, upload-time = "2026-07-14T09:56:16.926Z" },
]

[[package]]
name = "django"
version = "6.1"
source = { registry = "https://pypi.org/simple" }
dependencies = [
    { name = "asgiref" },
    { name = "sqlparse" },
    { name = "tzdata", marker = "sys_platform == 'win32'" },
]
sdist = { url = "https://files.pythonhosted.org/packages/e2/42/6cb20996733984c1f6661daeda3877990836c76c633c6c8879d39f7120eb/django-6.1.tar.gz", hash = "sha256:86a2aacd59b817e4d6ac2ebfe22356c58f66f7b24e503f71b7c2fead677ee48b", size = 11223034, upload-time = "2026-08-05T19:21:53.789Z" }
wheels = [
    { url = "https://files.pythonhosted.org/packages/91/9c/ce847620134cfab903e75690c498af73b46abbede2912ea89bd76d5c1e76/django-6.1-py3-none-any.whl", hash = "sha256:6c132cd980c9392b06807d4ca52d72530d631dc65a85d9dacede00a780cefbbe", size = 8417399, upload-time = "2026-08-05T19:21:47.285Z" },
]

[[package]]
name = "django-stubs"
version = "6.1.0"
source = { registry = "https://pypi.org/simple" }
dependencies = [
    { name = "django" },
    { name = "django-stubs-ext" },
    { name = "types-pyyaml" },
    { name = "typing-extensions" },
]
sdist = { url = "https://files.pythonhosted.org/packages/65/34/e9f03764b32f56c02168814385ddc6d0e49a7b3e4381e8e3f6f5f34f39ff/django_stubs-6.1.0.tar.gz", hash = "sha256:b6aecc5c738a103135f76ba160a6f75e3b27dcf0200c64d7226018cdbc2340dd", size = 293018, upload-time = "2026-08-12T10:55:28.817Z" }
wheels = [
    { url = "https://files.pythonhosted.org/packages/a8/cf/064d7c48642309f3397b17ff14f3159c5225eb9321185a10039c0e846848/django_stubs-6.1.0-py3-none-any.whl", hash = "sha256:63b23ccca2616d464ed7e37d1ce44960315cb3cecab75b23c928467ef125e560", size = 557040, upload-time = "2026-08-12T10:55:26.959Z" },
]

[[package]]
name = "django-stubs-ext"
version = "6.1.0"
source = { registry = "https://pypi.org/simple" }
dependencies = [
    { name = "django" },
    { name = "typing-extensions" },
]
sdist = { url = "https://files.pythonhosted.org/packages/e6/40/75dd6650c5fc345b9edaebe42085811096e31a502fdbe17a52ffb9640d03/django_stubs_ext-6.1.0.tar.gz", hash = "sha256:d5635a481f5bdf2e04d533a8b602d3b9a28f073deffc85b83048dd20032e4d20", size = 6848, upload-time = "2026-08-12T10:54:44.47Z" }
wheels = [
    { url = "https://files.pythonhosted.org/packages/ed/41/10b8d576651af4f1dc6bdfb0d8a203e8b3a55d60ae36ba305d0edcdb594f/django_stubs_ext-6.1.0-py3-none-any.whl", hash = "sha256:57273506823274700a707c8f404dfb52a12c4554daf1468dfb2bff857bb22074", size = 10404, upload-time = "2026-08-12T10:54:42.979Z" },
]

[[package]]
name = "frontend"
version = "0.1.0"
source = { editable = "." }
dependencies = [
    { name = "django" },
]

[package.dev-dependencies]
dev = [
    { name = "django-stubs" },
]

[package.metadata]
requires-dist = [{ name = "django", specifier = ">=6.1" }]

[package.metadata.requires-dev]
dev = [{ name = "django-stubs", specifier = ">=6.1.0" }]

[[package]]
name = "sqlparse"
version = "0.6.0"
source = { registry = "https://pypi.org/simple" }
sdist = { url = "https://files.pythonhosted.org/packages/5f/d3/3f06a1006f2261d1342aefb3c71eed02f5d4ca5bdbecd86ebc12ad38306e/sqlparse-0.6.0.tar.gz", hash = "sha256:113c35c75365ab9cc9c7231d68c6428fb11c085fc8e9eb1ad659b7ddbf6cd2b9", size = 178477, upload-time = "2026-08-13T19:16:06.396Z" }
wheels = [
    { url = "https://files.pythonhosted.org/packages/d9/50/f00935da0ec7cbf325f8dc4f772ae46fbc7b672dd62876e73f0a94adda57/sqlparse-0.6.0-py3-none-any.whl", hash = "sha256:b861c0288ce2fa56209a9a6412d2e066ac664b3873b89c26c9d8415e8e32996f", size = 50070, upload-time = "2026-08-13T19:16:04.062Z" },
]

[[package]]
name = "types-pyyaml"
version = "6.0.12.20260815"
source = { registry = "https://pypi.org/simple" }
sdist = { url = "https://files.pythonhosted.org/packages/9f/72/b56089aeee6c496d969bac42376bedb6e3eeab4682e1018fa3137122f94b/types_pyyaml-6.0.12.20260815.tar.gz", hash = "sha256:28764110c9cf35846e733da32d8d734df7473c5dde9ef67c3b7332ec0e819858", size = 18545, upload-time = "2026-08-15T02:41:51.532Z" }
wheels = [
    { url = "https://files.pythonhosted.org/packages/08/52/eefeba09be4ef2a1eb989eb92934561e8e502a6ee3c32654996e4be7e399/types_pyyaml-6.0.12.20260815-py3-none-any.whl", hash = "sha256:6f332212b7e191f3afd5016a713c510b6340593b7ebec573c7d5d20aa5386d3b", size = 21148, upload-time = "2026-08-15T02:41:50.555Z" },
]

[[package]]
name = "typing-extensions"
version = "4.16.0"
source = { registry = "https://pypi.org/simple" }
sdist = { url = "https://files.pythonhosted.org/packages/f6/cc/6253133b5bb138fc3306cebfbda2c520f545d36b5be2c7255cc528bb45d6/typing_extensions-4.16.0.tar.gz", hash = "sha256:dc983d19a509c94dba722ee6abd33940f7c05a89e243c47e907eb4db6f1a43e5", size = 113555, upload-time = "2026-07-02T08:40:05.92Z" }
wheels = [
    { url = "https://files.pythonhosted.org/packages/49/d3/b8441a820a491ddfc024b0b0cf0393375b75ea13866d9c66727e54c2fc80/typing_extensions-4.16.0-py3-none-any.whl", hash = "sha256:481caa481374e813c1b176ada14e97f1f67a4539ce9cfeb3f350d78d6370c2e8", size = 45571, upload-time = "2026-07-02T08:40:04.659Z" },
]

[[package]]
name = "tzdata"
version = "2026.3"
source = { registry = "https://pypi.org/simple" }
sdist = { url = "https://files.pythonhosted.org/packages/92/ff/5a28bdfd8c3ebec42564ac7d0e54ca3db65044a9314a97f9564fa7a1e926/tzdata-2026.3.tar.gz", hash = "sha256:4a1518b8993086a7982523e071643f3c0e5f213e75b21318e78bcabfff9d1415", size = 198674, upload-time = "2026-07-10T08:50:37.887Z" }
wheels = [
    { url = "https://files.pythonhosted.org/packages/e5/6d/b53b99a9f2766d095985947a5782f1702cabb129a34f7a802d7197af832f/tzdata-2026.3-py2.py3-none-any.whl", hash = "sha256:dc096730c87af6cab1b171c9d532be840741ff5d459015e7f6947bd7d7e54931", size = 348168, upload-time = "2026-07-10T08:50:36.46Z" },
]
